Microsoft Visual Studio Solution File, Format Version 12.00
# Visual Studio 14
VisualStudioVersion = 14.0.25420.1
MinimumVisualStudioVersion = 10.0.40219.1
Project("{2150E333-8FDC-42A3-9474-1A3956D46DE8}") = ".paket", ".paket", "{63297B98-5CED-492C-A5B7-A5B4F73CF142}"
	ProjectSection(SolutionItems) = preProject
		paket.dependencies = paket.dependencies
		paket.lock = paket.lock
	EndProjectSection
EndProject
Project("{2150E333-8FDC-42A3-9474-1A3956D46DE8}") = "docs", "docs", "{A6A6AF7D-D6E3-442D-9B1E-58CC91879BE1}"
EndProject
Project("{F2A71F9B-5D33-465A-A702-920D77279786}") = "Brahma.FSharp.Examples", "src\Brahma.FSharp.Examples\Brahma.FSharp.Examples.fsproj", "{2A8C4FA0-3497-45ED-A514-69CFF3BB46D6}"
EndProject
Project("{2150E333-8FDC-42A3-9474-1A3956D46DE8}") = "project", "project", "{BF60BC93-E09B-4E5F-9D85-95A519479D54}"
	ProjectSection(SolutionItems) = preProject
		build.fsx = build.fsx
		README.md = README.md
		RELEASE_NOTES.md = RELEASE_NOTES.md
	EndProjectSection
EndProject
Project("{2150E333-8FDC-42A3-9474-1A3956D46DE8}") = "tools", "tools", "{83F16175-43B1-4C90-A1EE-8E351C33435D}"
	ProjectSection(SolutionItems) = preProject
		docs\tools\generate.fsx = docs\tools\generate.fsx
		docs\tools\templates\template.cshtml = docs\tools\templates\template.cshtml
	EndProjectSection
EndProject
Project("{2150E333-8FDC-42A3-9474-1A3956D46DE8}") = "content", "content", "{8E6D5255-776D-4B61-85F9-73C37AA1FB9A}"
	ProjectSection(SolutionItems) = preProject
		docs\content\index.fsx = docs\content\index.fsx
		docs\content\tutorial.fsx = docs\content\tutorial.fsx
	EndProjectSection
EndProject
Project("{2150E333-8FDC-42A3-9474-1A3956D46DE8}") = "tests", "tests", "{ED8079DD-2B06-4030-9F0F-DC548F98E1C4}"
EndProject
Project("{F2A71F9B-5D33-465A-A702-920D77279786}") = "Brahma.FSharp.Examples.Tests", "tests\Brahma.FSharp.Examples.Tests\Brahma.FSharp.Examples.Tests.fsproj", "{3C42680A-560C-4752-B66B-FDD521A4BBCD}"
EndProject
Project("{2150E333-8FDC-42A3-9474-1A3956D46DE8}") = "src", "src", "{90626CC6-F203-4CDB-9CB0-5FE3031E9ACD}"
EndProject
Project("{F2A71F9B-5D33-465A-A702-920D77279786}") = "Brahma.FSharp.ArraySum", "src\Brahma.FSharp.ArraySum\Brahma.FSharp.ArraySum.fsproj", "{A8A925A5-663C-4C8F-AEB4-6A50280A72F8}"
EndProject
Project("{F2A71F9B-5D33-465A-A702-920D77279786}") = "Brahma.FSharp.BlackScholes", "src\Brahma.FSharp.BlackScholes\Brahma.FSharp.BlackScholes.fsproj", "{FC624A72-857C-4438-92DB-9E8AE537999C}"
EndProject
Project("{F2A71F9B-5D33-465A-A702-920D77279786}") = "Brahma.FSharp.MatrixMultiply", "src\Brahma.FSharp.MatrixMultiply\Brahma.FSharp.MatrixMultiply.fsproj", "{4669630F-E4FB-4B49-B11D-93245E6CECC4}"
EndProject
Project("{F2A71F9B-5D33-465A-A702-920D77279786}") = "Brahma.FSharp.MatrixMultiplyTP", "src\Brahma.FSharp.MatrixMultiplyTP\Brahma.FSharp.MatrixMultiplyTP.fsproj", "{878B80F8-9F7D-45C5-A8A6-DE1FC48ACFF1}"
EndProject
Project("{F2A71F9B-5D33-465A-A702-920D77279786}") = "Brahma.FSharp.TypeProviderExample", "src\Brahma.FSharp.TypeProviderExample\Brahma.FSharp.TypeProviderExample.fsproj", "{47D1C391-FE88-465D-98A7-F57492011E0B}"
EndProject
Global
	GlobalSection(SolutionConfigurationPlatforms) = preSolution
		Debug|Any CPU = Debug|Any CPU
		Release|Any CPU = Release|Any CPU
	EndGlobalSection
	GlobalSection(ProjectConfigurationPlatforms) = postSolution
		{2A8C4FA0-3497-45ED-A514-69CFF3BB46D6}.Debug|Any CPU.ActiveCfg = Debug|Any CPU
		{2A8C4FA0-3497-45ED-A514-69CFF3BB46D6}.Debug|Any CPU.Build.0 = Debug|Any CPU
		{2A8C4FA0-3497-45ED-A514-69CFF3BB46D6}.Release|Any CPU.ActiveCfg = Release|Any CPU
		{2A8C4FA0-3497-45ED-A514-69CFF3BB46D6}.Release|Any CPU.Build.0 = Release|Any CPU
		{3C42680A-560C-4752-B66B-FDD521A4BBCD}.Debug|Any CPU.ActiveCfg = Debug|Any CPU
		{3C42680A-560C-4752-B66B-FDD521A4BBCD}.Debug|Any CPU.Build.0 = Debug|Any CPU
		{3C42680A-560C-4752-B66B-FDD521A4BBCD}.Release|Any CPU.ActiveCfg = Release|Any CPU
		{3C42680A-560C-4752-B66B-FDD521A4BBCD}.Release|Any CPU.Build.0 = Release|Any CPU
		{A8A925A5-663C-4C8F-AEB4-6A50280A72F8}.Debug|Any CPU.ActiveCfg = Debug|Any CPU
		{A8A925A5-663C-4C8F-AEB4-6A50280A72F8}.Debug|Any CPU.Build.0 = Debug|Any CPU
		{A8A925A5-663C-4C8F-AEB4-6A50280A72F8}.Release|Any CPU.ActiveCfg = Release|Any CPU
		{A8A925A5-663C-4C8F-AEB4-6A50280A72F8}.Release|Any CPU.Build.0 = Release|Any CPU
		{FC624A72-857C-4438-92DB-9E8AE537999C}.Debug|Any CPU.ActiveCfg = Debug|Any CPU
		{FC624A72-857C-4438-92DB-9E8AE537999C}.Debug|Any CPU.Build.0 = Debug|Any CPU
		{FC624A72-857C-4438-92DB-9E8AE537999C}.Release|Any CPU.ActiveCfg = Release|Any CPU
		{FC624A72-857C-4438-92DB-9E8AE537999C}.Release|Any CPU.Build.0 = Release|Any CPU
		{4669630F-E4FB-4B49-B11D-93245E6CECC4}.Debug|Any CPU.ActiveCfg = Debug|Any CPU
		{4669630F-E4FB-4B49-B11D-93245E6CECC4}.Debug|Any CPU.Build.0 = Debug|Any CPU
		{4669630F-E4FB-4B49-B11D-93245E6CECC4}.Release|Any CPU.ActiveCfg = Release|Any CPU
		{4669630F-E4FB-4B49-B11D-93245E6CECC4}.Release|Any CPU.Build.0 = Release|Any CPU
		{878B80F8-9F7D-45C5-A8A6-DE1FC48ACFF1}.Debug|Any CPU.ActiveCfg = Debug|Any CPU
		{878B80F8-9F7D-45C5-A8A6-DE1FC48ACFF1}.Debug|Any CPU.Build.0 = Debug|Any CPU
		{878B80F8-9F7D-45C5-A8A6-DE1FC48ACFF1}.Release|Any CPU.ActiveCfg = Release|Any CPU
		{878B80F8-9F7D-45C5-A8A6-DE1FC48ACFF1}.Release|Any CPU.Build.0 = Release|Any CPU
		{47D1C391-FE88-465D-98A7-F57492011E0B}.Debug|Any CPU.ActiveCfg = Debug|Any CPU
		{47D1C391-FE88-465D-98A7-F57492011E0B}.Debug|Any CPU.Build.0 = Debug|Any CPU
		{47D1C391-FE88-465D-98A7-F57492011E0B}.Release|Any CPU.ActiveCfg = Release|Any CPU
		{47D1C391-FE88-465D-98A7-F57492011E0B}.Release|Any CPU.Build.0 = Release|Any CPU
	EndGlobalSection
	GlobalSection(SolutionProperties) = preSolution
		HideSolutionNode = FALSE
	EndGlobalSection
	GlobalSection(NestedProjects) = preSolution
		{2A8C4FA0-3497-45ED-A514-69CFF3BB46D6} = {90626CC6-F203-4CDB-9CB0-5FE3031E9ACD}
		{83F16175-43B1-4C90-A1EE-8E351C33435D} = {A6A6AF7D-D6E3-442D-9B1E-58CC91879BE1}
		{8E6D5255-776D-4B61-85F9-73C37AA1FB9A} = {A6A6AF7D-D6E3-442D-9B1E-58CC91879BE1}
		{3C42680A-560C-4752-B66B-FDD521A4BBCD} = {ED8079DD-2B06-4030-9F0F-DC548F98E1C4}
		{A8A925A5-663C-4C8F-AEB4-6A50280A72F8} = {90626CC6-F203-4CDB-9CB0-5FE3031E9ACD}
		{FC624A72-857C-4438-92DB-9E8AE537999C} = {90626CC6-F203-4CDB-9CB0-5FE3031E9ACD}
		{4669630F-E4FB-4B49-B11D-93245E6CECC4} = {90626CC6-F203-4CDB-9CB0-5FE3031E9ACD}
		{878B80F8-9F7D-45C5-A8A6-DE1FC48ACFF1} = {90626CC6-F203-4CDB-9CB0-5FE3031E9ACD}
		{47D1C391-FE88-465D-98A7-F57492011E0B} = {90626CC6-F203-4CDB-9CB0-5FE3031E9ACD}
	EndGlobalSection
EndGlobal
